
Microsoft Visual Studio Solution File, Format Version 12.00
# Visual Studio Version 16
VisualStudioVersion = 16.0.30204.135
MinimumVisualStudioVersion = 10.0.40219.1
Project("{FAE04EC0-301F-11D3-BF4B-00C04F79EFBC}") = "GagiStoreSystem", "GagiStoreSystem\GagiStoreSystem.csproj", "{31D33464-6E8B-4228-BE30-31700BE82D02}"
EndProject
Global
	GlobalSection(SolutionConfigurationPlatforms) = preSolution
		Debug|Any CPU = Debug|Any CPU
		Release|Any CPU = Release|Any CPU
	EndGlobalSection
	GlobalSection(ProjectConfigurationPlatforms) = postSolution
		{31D33464-6E8B-4228-BE30-31700BE82D02}.Debug|Any CPU.ActiveCfg = Debug|Any CPU
		{31D33464-6E8B-4228-BE30-31700BE82D02}.Debug|Any CPU.Build.0 = Debug|Any CPU
		{31D33464-6E8B-4228-BE30-31700BE82D02}.Release|Any CPU.ActiveCfg = Release|Any CPU
		{31D33464-6E8B-4228-BE30-31700BE82D02}.Release|Any CPU.Build.0 = Release|Any CPU
	EndGlobalSection
	GlobalSection(SolutionProperties) = preSolution
		HideSolutionNode = FALSE
	EndGlobalSection
	GlobalSection(ExtensibilityGlobals) = postSolution
		SolutionGuid = {A88D168A-EAE3-420A-B0DF-791D4E74E560}
	EndGlobalSection
EndGlobal
